
Microsoft Visual Studio Solution File, Format Version 12.00
# Visual Studio Version 17
VisualStudioVersion = 17.14.36603.0 d17.14
MinimumVisualStudioVersion = 10.0.40219.1
Project("{FAE04EC0-301F-11D3-BF4B-00C04F79EFBC}") = "estoque.api", "estoque.api\estoque.api.csproj", "{B1DC46E7-767D-4B96-9A3E-07BF2432DEF7}"
EndProject
Project("{FAE04EC0-301F-11D3-BF4B-00C04F79EFBC}") = "estoque.core", "estoque.core\estoque.core.csproj", "{8E462EB5-C485-4C44-BF1A-D78D23860760}"
EndProject
Global
	GlobalSection(SolutionConfigurationPlatforms) = preSolution
		Debug|Any CPU = Debug|Any CPU
		Release|Any CPU = Release|Any CPU
	EndGlobalSection
	GlobalSection(ProjectConfigurationPlatforms) = postSolution
		{B1DC46E7-767D-4B96-9A3E-07BF2432DEF7}.Debug|Any CPU.ActiveCfg = Debug|Any CPU
		{B1DC46E7-767D-4B96-9A3E-07BF2432DEF7}.Debug|Any CPU.Build.0 = Debug|Any CPU
		{B1DC46E7-767D-4B96-9A3E-07BF2432DEF7}.Release|Any CPU.ActiveCfg = Release|Any CPU
		{B1DC46E7-767D-4B96-9A3E-07BF2432DEF7}.Release|Any CPU.Build.0 = Release|Any CPU
		{8E462EB5-C485-4C44-BF1A-D78D23860760}.Debug|Any CPU.ActiveCfg = Debug|Any CPU
		{8E462EB5-C485-4C44-BF1A-D78D23860760}.Debug|Any CPU.Build.0 = Debug|Any CPU
		{8E462EB5-C485-4C44-BF1A-D78D23860760}.Release|Any CPU.ActiveCfg = Release|Any CPU
		{8E462EB5-C485-4C44-BF1A-D78D23860760}.Release|Any CPU.Build.0 = Release|Any CPU
	EndGlobalSection
	GlobalSection(SolutionProperties) = preSolution
		HideSolutionNode = FALSE
	EndGlobalSection
	GlobalSection(ExtensibilityGlobals) = postSolution
		SolutionGuid = {486515D3-49D9-43FC-9341-412D10071C8E}
	EndGlobalSection
EndGlobal
